{
  "requires": true,
  "lockfileVersion": 1,
  "dependencies": {
    "2": {
      "version": "1.0.2",
      "resolved": "https://registry.npmjs.org/2/-/2-1.0.2.tgz",
      "integrity": "sha1-NWpvULSFGjEVR1cMYWxujvS0ZME="
    },
    "Babel": {
      "version": "0.0.1",
      "resolved": "https://registry.npmjs.org/Babel/-/Babel-0.0.1.tgz",
      "integrity": "sha1-fdZ2M2znvbvFnBODXc5LDMlB8NY=",
      "requires": {
        "step": "0.0.6",
        "underscore": "1.8.3"
      }
    },
    "abbrev": {
      "version": "1.1.1",
      "resolved": "https://registry.npmjs.org/abbrev/-/abbrev-1.1.1.tgz",
      "integrity": "sha512-nne9/IiQ/hzIhY6pdDnbBtz7DjPTKrY00P/zvPSm5pOFkl6xuGrGnXn/VtTNNfNtAfZ9/1RtehkszU9qcTii0Q=="
    },
    "asn1": {
      "version": "0.1.11",
      "resolved": "https://registry.npmjs.org/asn1/-/asn1-0.1.11.tgz",
      "integrity": "sha1-VZvhg3bQik7E2+gId9J4GGObLfc="
    },
    "assert-plus": {
      "version": "0.1.2",
      "resolved": "https://registry.npmjs.org/assert-plus/-/assert-plus-0.1.2.tgz",
      "integrity": "sha1-2T/9u2esVQd3m+MWp9ZRRkF77vg="
    },
    "async": {
      "version": "0.1.22",
      "resolved": "https://registry.npmjs.org/async/-/async-0.1.22.tgz",
      "integrity": "sha1-D8GqoIig4+8Ovi2IMbqw3PiEUGE="
    },
    "aws-sign": {
      "version": "0.2.0",
      "resolved": "https://registry.npmjs.org/aws-sign/-/aws-sign-0.2.0.tgz",
      "integrity": "sha1-xVAThWyBlOyFSgy+yQqrWgTOOsU="
    },
    "babel": {
      "version": "6.23.0",
      "resolved": "https://registry.npmjs.org/babel/-/babel-6.23.0.tgz",
      "integrity": "sha1-0NHn2APpdHZb7qMjLU4VPA77kPQ="
    },
    "backoff": {
      "version": "2.1.0",
      "resolved": "https://registry.npmjs.org/backoff/-/backoff-2.1.0.tgz",
      "integrity": "sha1-GbTp+ft1wSKte7HGw3bWCF1D6gk="
    },
    "balanced-match": {
      "version": "1.0.0",
      "resolved": "https://registry.npmjs.org/balanced-match/-/balanced-match-1.0.0.tgz",
      "integrity": "sha1-ibTRmasr7kneFk6gK4nORi1xt2c="
    },
    "boom": {
      "version": "0.3.8",
      "resolved": "https://registry.npmjs.org/boom/-/boom-0.3.8.tgz",
      "integrity": "sha1-yM2wQUNZEnQWKMBE7Mcy0dF8Ceo=",
      "requires": {
        "hoek": "0.7.6"
      }
    },
    "brace-expansion": {
      "version": "1.1.8",
      "resolved": "https://registry.npmjs.org/brace-expansion/-/brace-expansion-1.1.8.tgz",
      "integrity": "sha1-wHshHHyVLsH479Uad+8NHTmQopI=",
      "requires": {
        "balanced-match": "1.0.0",
        "concat-map": "0.0.1"
      }
    },
    "broadway": {
      "version": "0.2.9",
      "resolved": "https://registry.npmjs.org/broadway/-/broadway-0.2.9.tgz",
      "integrity": "sha1-iHAIsiV/QXEIneXLm2VpabbIyeg=",
      "requires": {
        "cliff": "0.1.8",
        "eventemitter2": "0.4.12",
        "nconf": "0.6.9",
        "utile": "0.2.1",
        "winston": "0.7.2"
      },
      "dependencies": {
        "async": {
          "version": "0.2.10",
          "resolved": "https://registry.npmjs.org/async/-/async-0.2.10.tgz",
          "integrity": "sha1-trvgsGdLnXGXCMo43owjfLUmw9E="
        },
        "request": {
          "version": "2.16.6",
          "resolved": "https://registry.npmjs.org/request/-/request-2.16.6.tgz",
          "integrity": "sha1-hy/kRa5y3iZrN4edatfclI+gHK0=",
          "requires": {
            "aws-sign": "0.2.0",
            "cookie-jar": "0.2.0",
            "forever-agent": "0.2.0",
            "form-data": "0.0.10",
            "hawk": "0.10.2",
            "json-stringify-safe": "3.0.0",
            "mime": "1.2.11",
            "node-uuid": "1.4.8",
            "oauth-sign": "0.2.0",
            "qs": "0.5.6",
            "tunnel-agent": "0.2.0"
          }
        },
        "winston": {
          "version": "0.7.2",
          "resolved": "https://registry.npmjs.org/winston/-/winston-0.7.2.tgz",
          "integrity": "sha1-JXCuGqHYqUAejVqINi4c+TZVDOs=",
          "requires": {
            "async": "0.2.10",
            "colors": "0.6.2",
            "cycle": "1.0.3",
            "eyes": "0.1.8",
            "pkginfo": "0.3.0",
            "request": "2.16.6",
            "stack-trace": "0.0.10"
          }
        }
      }
    },
    "browser-stdout": {
      "version": "1.3.0",
      "resolved": "https://registry.npmjs.org/browser-stdout/-/browser-stdout-1.3.0.tgz",
      "integrity": "sha1-81HTKWnTL6XXpVZxVCY9korjvR8=",
      "dev": true
    },
    "bunyan": {
      "version": "0.21.1",
      "resolved": "https://registry.npmjs.org/bunyan/-/bunyan-0.21.1.tgz",
      "integrity": "sha1-6gCg1SI1cuMeHnHvuiI3yxkVlCo=",
      "requires": {
        "mv": "0.0.5"
      }
    },
    "cadence": {
      "version": "0.0.12",
      "resolved": "https://registry.npmjs.org/cadence/-/cadence-0.0.12.tgz",
      "integrity": "sha1-bTICwTEUis3f0OCYTl/Ms4jjRs4="
    },
    "cliff": {
      "version": "0.1.8",
      "resolved": "https://registry.npmjs.org/cliff/-/cliff-0.1.8.tgz",
      "integrity": "sha1-Q8qK2f45Q0iWk6ti3ODK4iUJ0nI=",
      "requires": {
        "colors": "0.6.2",
        "eyes": "0.1.8",
        "winston": "0.6.2"
      },
      "dependencies": {
        "pkginfo": {
          "version": "0.2.3",
          "resolved": "https://registry.npmjs.org/pkginfo/-/pkginfo-0.2.3.tgz",
          "integrity": "sha1-cjnEKl72wwuPMoQ52bn/cQQkkPg="
        },
        "winston": {
          "version": "0.6.2",
          "resolved": "https://registry.npmjs.org/winston/-/winston-0.6.2.tgz",
          "integrity": "sha1-QUT+JYbNwZphK/jANVkBMskGS9I=",
          "requires": {
            "async": "0.1.22",
            "colors": "0.6.2",
            "cycle": "1.0.3",
            "eyes": "0.1.8",
            "pkginfo": "0.2.3",
            "request": "2.9.203",
            "stack-trace": "0.0.10"
          }
        }
      }
    },
    "clone": {
      "version": "0.1.6",
      "resolved": "https://registry.npmjs.org/clone/-/clone-0.1.6.tgz",
      "integrity": "sha1-SvIpbUojpkFowvX7CiqmXoBRcAA="
    },
    "colors": {
      "version": "0.6.2",
      "resolved": "https://registry.npmjs.org/colors/-/colors-0.6.2.tgz",
      "integrity": "sha1-JCP+ZnisDF2uiFLl0OW+CMmXq8w="
    },
    "combined-stream": {
      "version": "0.0.7",
      "resolved": "https://registry.npmjs.org/combined-stream/-/combined-stream-0.0.7.tgz",
      "integrity": "sha1-ATfmV7qlp1QcV6w3rF/AfXO03B8=",
      "requires": {
        "delayed-stream": "0.0.5"
      }
    },
    "commander": {
      "version": "2.11.0",
      "resolved": "https://registry.npmjs.org/commander/-/commander-2.11.0.tgz",
      "integrity": "sha512-b0553uYA5YAEGgyYIGYROzKQ7X5RAqedkfjiZxwi0kL1g3bOaBNNZfYkzt/CL0umgD5wc9Jec2FbB98CjkMRvQ==",
      "dev": true
    },
    "concat-map": {
      "version": "0.0.1",
      "resolved": "https://registry.npmjs.org/concat-map/-/concat-map-0.0.1.tgz",
      "integrity": "sha1-2Klr13/Wjfd5OnMDajug1UBdR3s="
    },
    "cookie-jar": {
      "version": "0.2.0",
      "resolved": "https://registry.npmjs.org/cookie-jar/-/cookie-jar-0.2.0.tgz",
      "integrity": "sha1-ZOzAasl423leS1KQy+SLo3gUAPo="
    },
    "cryptiles": {
      "version": "0.1.3",
      "resolved": "https://registry.npmjs.org/cryptiles/-/cryptiles-0.1.3.tgz",
      "integrity": "sha1-GlVnNPBtJLo0hirpy55wmjr7/xw=",
      "requires": {
        "boom": "0.3.8"
      }
    },
    "ctype": {
      "version": "0.5.2",
      "resolved": "https://registry.npmjs.org/ctype/-/ctype-0.5.2.tgz",
      "integrity": "sha1-/oCR1Gijc6Cwyf+Lv7NCXACXOh0="
    },
    "cycle": {
      "version": "1.0.3",
      "resolved": "https://registry.npmjs.org/cycle/-/cycle-1.0.3.tgz",
      "integrity": "sha1-IegLK+hYD5i0aPN5QwZisEbDStI="
    },
    "debug": {
      "version": "3.1.0",
      "resolved": "https://registry.npmjs.org/debug/-/debug-3.1.0.tgz",
      "integrity": "sha512-OX8XqP7/1a9cqkxYw2yXss15f26NKWBpDXQd0/uK/KPqdQhxbPa994hnzjcE2VqQpDslf55723cKPUOGSmMY3g==",
      "dev": true,
      "requires": {
        "ms": "2.0.0"
      }
    },
    "deep-equal": {
      "version": "1.0.1",
      "resolved": "https://registry.npmjs.org/deep-equal/-/deep-equal-1.0.1.tgz",
      "integrity": "sha1-9dJgKStmDghO/0zbyfCK0yR0SLU="
    },
    "delayed-stream": {
      "version": "0.0.5",
      "resolved": "https://registry.npmjs.org/delayed-stream/-/delayed-stream-0.0.5.tgz",
      "integrity": "sha1-1LH0OpPoKW3+AmlPRoC8N6MTxz8="
    },
    "diff": {
      "version": "3.3.1",
      "resolved": "https://registry.npmjs.org/diff/-/diff-3.3.1.tgz",
      "integrity": "sha512-MKPHZDMB0o6yHyDryUOScqZibp914ksXwAMYMTHj6KO8UeKsRYNJD3oNCKjTqZon+V488P7N/HzXF8t7ZR95ww==",
      "dev": true
    },
    "director": {
      "version": "1.1.10",
      "resolved": "https://registry.npmjs.org/director/-/director-1.1.10.tgz",
      "integrity": "sha1-5sHWTy8Hkhbxnqg7VmA13emQEXk="
    },
    "es2015": {
      "version": "0.0.0",
      "resolved": "https://registry.npmjs.org/es2015/-/es2015-0.0.0.tgz",
      "integrity": "sha1-hO7kw1yCd2WLaOfkY42zB0GCKxQ="
    },
    "escape-string-regexp": {
      "version": "1.0.5",
      "resolved": "https://registry.npmjs.org/escape-string-regexp/-/escape-string-regexp-1.0.5.tgz",
      "integrity": "sha1-G2HAViGQqN/2rjuyzwIAyhMLhtQ=",
      "dev": true
    },
    "event-stream": {
      "version": "0.5.3",
      "resolved": "https://registry.npmjs.org/event-stream/-/event-stream-0.5.3.tgz",
      "integrity": "sha1-t3uTCfcQet3+q2PwwOr9jbC9jBw=",
      "requires": {
        "optimist": "0.2.8"
      },
      "dependencies": {
        "optimist": {
          "version": "0.2.8",
          "resolved": "https://registry.npmjs.org/optimist/-/optimist-0.2.8.tgz",
          "integrity": "sha1-6YGrfiaLRXlIWTtVZ0wJmoFcrDE=",
          "requires": {
            "wordwrap": "0.0.3"
          }
        }
      }
    },
    "eventemitter2": {
      "version": "0.4.12",
      "resolved": "https://registry.npmjs.org/eventemitter2/-/eventemitter2-0.4.12.tgz",
      "integrity": "sha1-bPFCSf3IeZvnQW6HHnP9K7ieNeA="
    },
    "extsprintf": {
      "version": "1.0.2",
      "resolved": "https://registry.npmjs.org/extsprintf/-/extsprintf-1.0.2.tgz",
      "integrity": "sha1-4QgOBljjALBilJkMxw4VAiNf1VA="
    },
    "eyes": {
      "version": "0.1.8",
      "resolved": "https://registry.npmjs.org/eyes/-/eyes-0.1.8.tgz",
      "integrity": "sha1-Ys8SAjTGg3hdkCNIqADvPgzCC8A="
    },
    "flatiron": {
      "version": "0.3.11",
      "resolved": "https://registry.npmjs.org/flatiron/-/flatiron-0.3.11.tgz",
      "integrity": "sha1-HLAZD8K9nYYPAY4E2V/TX5vRJVU=",
      "requires": {
        "broadway": "0.2.9",
        "director": "1.1.10",
        "optimist": "0.6.0",
        "prompt": "0.2.11"
      },
      "dependencies": {
        "optimist": {
          "version": "0.6.0",
          "resolved": "https://registry.npmjs.org/optimist/-/optimist-0.6.0.tgz",
          "integrity": "sha1-aUJIJvNAX3nxQub8PZrljU27kgA=",
          "requires": {
            "minimist": "0.0.8",
            "wordwrap": "0.0.3"
          }
        }
      }
    },
    "forever": {
      "version": "0.10.11",
      "resolved": "https://registry.npmjs.org/forever/-/forever-0.10.11.tgz",
      "integrity": "sha1-klyuUowHSinAEZgJygjjgu8ZStA=",
      "requires": {
        "cliff": "0.1.8",
        "colors": "0.6.2",
        "flatiron": "0.3.11",
        "forever-monitor": "1.2.3",
        "nconf": "0.6.9",
        "nssocket": "0.5.3",
        "optimist": "0.6.1",
        "pkginfo": "0.3.0",
        "timespan": "2.3.0",
        "utile": "0.2.1",
        "watch": "0.8.0",
        "winston": "0.7.3"
      }
    },
    "forever-agent": {
      "version": "0.2.0",
      "resolved": "https://registry.npmjs.org/forever-agent/-/forever-agent-0.2.0.tgz",
      "integrity": "sha1-4cJcetROCcOPIzh2x2/MJP+EOx8="
    },
    "forever-monitor": {
      "version": "1.2.3",
      "resolved": "https://registry.npmjs.org/forever-monitor/-/forever-monitor-1.2.3.tgz",
      "integrity": "sha1-snrDrLb9zHMV1s2Fgw8tAEczAos=",
      "requires": {
        "broadway": "0.2.9",
        "minimatch": "0.2.14",
        "pkginfo": "0.3.0",
        "ps-tree": "0.0.3",
        "utile": "0.1.7",
        "watch": "0.5.1"
      },
      "dependencies": {
        "minimatch": {
          "version": "0.2.14",
          "resolved": "https://registry.npmjs.org/minimatch/-/minimatch-0.2.14.tgz",
          "integrity": "sha1-x054BXT2PG+aCQ6Q775u9TpqdWo=",
          "requires": {
            "lru-cache": "2.7.3",
            "sigmund": "1.0.1"
          }
        },
        "ncp": {
          "version": "0.2.7",
          "resolved": "https://registry.npmjs.org/ncp/-/ncp-0.2.7.tgz",
          "integrity": "sha1-RvrCt92iVgpMt+YoZ3vV9k6sW+E="
        },
        "rimraf": {
          "version": "1.0.9",
          "resolved": "https://registry.npmjs.org/rimraf/-/rimraf-1.0.9.tgz",
          "integrity": "sha1-vkgB/3bCum8cUMeOlwDrHSHyOfE="
        },
        "utile": {
          "version": "0.1.7",
          "resolved": "https://registry.npmjs.org/utile/-/utile-0.1.7.tgz",
          "integrity": "sha1-VdsYDVRHUzn9bdni0UpMC1JiS2k=",
          "requires": {
            "async": "0.1.22",
            "deep-equal": "1.0.1",
            "i": "0.3.6",
            "mkdirp": "0.5.1",
            "ncp": "0.2.7",
            "rimraf": "1.0.9"
          }
        },
        "watch": {
          "version": "0.5.1",
          "resolved": "https://registry.npmjs.org/watch/-/watch-0.5.1.tgz",
          "integrity": "sha1-UOo6BWNYyYBz4LylmVbeSv0gshM="
        }
      }
    },
    "form-data": {
      "version": "0.0.10",
      "resolved": "https://registry.npmjs.org/form-data/-/form-data-0.0.10.tgz",
      "integrity": "sha1-2zRaU3jYau6x7V1VO4aawZLS9e0=",
      "requires": {
        "async": "0.2.10",
        "combined-stream": "0.0.7",
        "mime": "1.2.11"
      },
      "dependencies": {
        "async": {
          "version": "0.2.10",
          "resolved": "https://registry.npmjs.org/async/-/async-0.2.10.tgz",
          "integrity": "sha1-trvgsGdLnXGXCMo43owjfLUmw9E="
        }
      }
    },
    "formidable": {
      "version": "1.0.13",
      "resolved": "https://registry.npmjs.org/formidable/-/formidable-1.0.13.tgz",
      "integrity": "sha1-cMrw+daWkqd+BAId2rT0awHIKuo="
    },
    "fs.realpath": {
      "version": "1.0.0",
      "resolved": "https://registry.npmjs.org/fs.realpath/-/fs.realpath-1.0.0.tgz",
      "integrity": "sha1-FQStJSMVjKpA20onh8sBQRmU6k8="
    },
    "glob": {
      "version": "7.1.2",
      "resolved": "https://registry.npmjs.org/glob/-/glob-7.1.2.tgz",
      "integrity": "sha512-MJTUg1kjuLeQCJ+ccE4Vpa6kKVXkPYJ2mOCQyUuKLcLQsdrMCpBPUi8qVE6+YuaJkozeA9NusTAw3hLr8Xe5EQ==",
      "requires": {
        "fs.realpath": "1.0.0",
        "inflight": "1.0.6",
        "inherits": "2.0.3",
        "minimatch": "3.0.4",
        "once": "1.4.0",
        "path-is-absolute": "1.0.1"
      }
    },
    "growl": {
      "version": "1.10.3",
      "resolved": "https://registry.npmjs.org/growl/-/growl-1.10.3.tgz",
      "integrity": "sha512-hKlsbA5Vu3xsh1Cg3J7jSmX/WaW6A5oBeqzM88oNbCRQFz+zUaXm6yxS4RVytp1scBoJzSYl4YAEOQIt6O8V1Q==",
      "dev": true
    },
    "has-flag": {
      "version": "2.0.0",
      "resolved": "https://registry.npmjs.org/has-flag/-/has-flag-2.0.0.tgz",
      "integrity": "sha1-6CB68cx7MNRGzHC3NLXovhj4jVE=",
      "dev": true
    },
    "hawk": {
      "version": "0.10.2",
      "resolved": "https://registry.npmjs.org/hawk/-/hawk-0.10.2.tgz",
      "integrity": "sha1-mzYd7pWpMWQObVBOBWCaj8OsRdI=",
      "requires": {
        "boom": "0.3.8",
        "cryptiles": "0.1.3",
        "hoek": "0.7.6",
        "sntp": "0.1.4"
      }
    },
    "he": {
      "version": "1.1.1",
      "resolved": "https://registry.npmjs.org/he/-/he-1.1.1.tgz",
      "integrity": "sha1-k0EP0hsAlzUVH4howvJx80J+I/0=",
      "dev": true
    },
    "hoek": {
      "version": "0.7.6",
      "resolved": "https://registry.npmjs.org/hoek/-/hoek-0.7.6.tgz",
      "integrity": "sha1-YPvZBFV1Qc0rh5Wr8wihs3cOFVo="
    },
    "http-signature": {
      "version": "0.9.11",
      "resolved": "https://registry.npmjs.org/http-signature/-/http-signature-0.9.11.tgz",
      "integrity": "sha1-nognFFcjFeZ5Cl0KeVXv/x8Z5lM=",
      "requires": {
        "asn1": "0.1.11",
        "assert-plus": "0.1.2",
        "ctype": "0.5.2"
      }
    },
    "i": {
      "version": "0.3.6",
      "resolved": "https://registry.npmjs.org/i/-/i-0.3.6.tgz",
      "integrity": "sha1-2WyScyB28HJxG2sQ/X1PZa2O4j0="
    },
    "inflight": {
      "version": "1.0.6",
      "resolved": "https://registry.npmjs.org/inflight/-/inflight-1.0.6.tgz",
      "integrity": "sha1-Sb1jMdfQLQwJvJEKEHW6gWW1bfk=",
      "requires": {
        "once": "1.4.0",
        "wrappy": "1.0.2"
      }
    },
    "inherits": {
      "version": "2.0.3",
      "resolved": "https://registry.npmjs.org/inherits/-/inherits-2.0.3.tgz",
      "integrity": "sha1-Yzwsg+PaQqUC9SRmAiSA9CCCYd4="
    },
    "ini": {
      "version": "1.3.5",
      "resolved": "https://registry.npmjs.org/ini/-/ini-1.3.5.tgz",
      "integrity": "sha512-RZY5huIKCMRWDUqZlEi72f/lmXKMvuszcMBduliQ3nnWbx9X/ZBQO7DijMEYS9EhHBb2qacRUMtC7svLwe0lcw=="
    },
    "json-schema": {
      "version": "0.2.2",
      "resolved": "https://registry.npmjs.org/json-schema/-/json-schema-0.2.2.tgz",
      "integrity": "sha1-UDVPGfYDkXxpX3C4Wvp3w7DyNQY="
    },
    "json-stringify-safe": {
      "version": "3.0.0",
      "resolved": "https://registry.npmjs.org/json-stringify-safe/-/json-stringify-safe-3.0.0.tgz",
      "integrity": "sha1-nbew5TDH8onF6MhDKvGRwv91pbM="
    },
    "jsprim": {
      "version": "0.3.0",
      "resolved": "https://registry.npmjs.org/jsprim/-/jsprim-0.3.0.tgz",
      "integrity": "sha1-zRNGbqJIDb2DlqVw1H0x3aR2+LE=",
      "requires": {
        "extsprintf": "1.0.0",
        "json-schema": "0.2.2",
        "verror": "1.3.3"
      },
      "dependencies": {
        "extsprintf": {
          "version": "1.0.0",
          "resolved": "https://registry.npmjs.org/extsprintf/-/extsprintf-1.0.0.tgz",
          "integrity": "sha1-TVi4Fazlvr/E6/A8+YsKdgSpm4Y="
        },
        "verror": {
          "version": "1.3.3",
          "resolved": "https://registry.npmjs.org/verror/-/verror-1.3.3.tgz",
          "integrity": "sha1-impKw6jHdLb2h/7OSb3/14VS4s0=",
          "requires": {
            "extsprintf": "1.0.0"
          }
        }
      }
    },
    "keep-alive-agent": {
      "version": "0.0.1",
      "resolved": "https://registry.npmjs.org/keep-alive-agent/-/keep-alive-agent-0.0.1.tgz",
      "integrity": "sha1-RIR8o5TOjWtSGuhYFr1kUJlCs4U="
    },
    "lazy": {
      "version": "1.0.11",
      "resolved": "https://registry.npmjs.org/lazy/-/lazy-1.0.11.tgz",
      "integrity": "sha1-2qBoIGKCVCwIgojpdcKXwa53tpA="
    },
    "lodash": {
      "version": "4.17.4",
      "resolved": "https://registry.npmjs.org/lodash/-/lodash-4.17.4.tgz",
      "integrity": "sha1-eCA6TRwyiuHYbcpkYONptX9AVa4="
    },
    "lru-cache": {
      "version": "2.7.3",
      "resolved": "https://registry.npmjs.org/lru-cache/-/lru-cache-2.7.3.tgz",
      "integrity": "sha1-bUUk6LlV+V1PW1iFHOId1y+06VI="
    },
    "mime": {
      "version": "1.2.11",
      "resolved": "https://registry.npmjs.org/mime/-/mime-1.2.11.tgz",
      "integrity": "sha1-WCA+7Ybjpe8XrtK32evUfwpg3RA="
    },
    "minimatch": {
      "version": "3.0.4",
      "resolved": "https://registry.npmjs.org/minimatch/-/minimatch-3.0.4.tgz",
      "integrity": "sha512-yJHVQEhyqPLUTgt9B83PXu6W3rx4MvvHvSUvToogpwoGDOUQ+yDrR0HRot+yOCdCO7u4hX3pWft6kWBBcqh0UA==",
      "requires": {
        "brace-expansion": "1.1.8"
      }
    },
    "minimist": {
      "version": "0.0.8",
      "resolved": "https://registry.npmjs.org/minimist/-/minimist-0.0.8.tgz",
      "integrity": "sha1-hX/Kv8M5fSYluCKCYuhqp6ARsF0="
    },
    "mkdirp": {
      "version": "0.5.1",
      "resolved": "https://registry.npmjs.org/mkdirp/-/mkdirp-0.5.1.tgz",
      "integrity": "sha1-MAV0OOrGz3+MR2fzhkjWaX11yQM=",
      "requires": {
        "minimist": "0.0.8"
      }
    },
    "mocha": {
      "version": "4.1.0",
      "resolved": "https://registry.npmjs.org/mocha/-/mocha-4.1.0.tgz",
      "integrity": "sha512-0RVnjg1HJsXY2YFDoTNzcc1NKhYuXKRrBAG2gDygmJJA136Cs2QlRliZG1mA0ap7cuaT30mw16luAeln+4RiNA==",
      "dev": true,
      "requires": {
        "browser-stdout": "1.3.0",
        "commander": "2.11.0",
        "debug": "3.1.0",
        "diff": "3.3.1",
        "escape-string-regexp": "1.0.5",
        "glob": "7.1.2",
        "growl": "1.10.3",
        "he": "1.1.1",
        "mkdirp": "0.5.1",
        "supports-color": "4.4.0"
      }
    },
    "ms": {
      "version": "2.0.0",
      "resolved": "https://registry.npmjs.org/ms/-/ms-2.0.0.tgz",
      "integrity": "sha1-VgiurfwAvmwpAd9fmGF4jeDVl8g=",
      "dev": true
    },
    "mute-stream": {
      "version": "0.0.7",
      "resolved": "https://registry.npmjs.org/mute-stream/-/mute-stream-0.0.7.tgz",
      "integrity": "sha1-MHXOk7whuPq0PhvE2n6BFe0ee6s="
    },
    "mv": {
      "version": "0.0.5",
      "resolved": "https://registry.npmjs.org/mv/-/mv-0.0.5.tgz",
      "integrity": "sha1-FerHWUeYhN8RMdbeVrziC2VPU5E=",
      "optional": true
    },
    "nan": {
      "version": "1.0.0",
      "resolved": "https://registry.npmjs.org/nan/-/nan-1.0.0.tgz",
      "integrity": "sha1-riT4hQgY1mL8q1rPfzuVv6oszzg="
    },
    "nconf": {
      "version": "0.6.9",
      "resolved": "https://registry.npmjs.org/nconf/-/nconf-0.6.9.tgz",
      "integrity": "sha1-lXDvFe1vmuays8jV5xtm0xk81mE=",
      "requires": {
        "async": "0.2.9",
        "ini": "1.3.5",
        "optimist": "0.6.0"
      },
      "dependencies": {
        "async": {
          "version": "0.2.9",
          "resolved": "https://registry.npmjs.org/async/-/async-0.2.9.tgz",
          "integrity": "sha1-32MGD789Myhqdqr21Vophtn/hhk="
        },
        "optimist": {
          "version": "0.6.0",
          "resolved": "https://registry.npmjs.org/optimist/-/optimist-0.6.0.tgz",
          "integrity": "sha1-aUJIJvNAX3nxQub8PZrljU27kgA=",
          "requires": {
            "minimist": "0.0.8",
            "wordwrap": "0.0.3"
          }
        }
      }
    },
    "ncp": {
      "version": "0.4.2",
      "resolved": "https://registry.npmjs.org/ncp/-/ncp-0.4.2.tgz",
      "integrity": "sha1-q8xsvT7C7Spyn/bnwfqPAXhKhXQ="
    },
    "negotiator": {
      "version": "0.2.5",
      "resolved": "https://registry.npmjs.org/negotiator/-/negotiator-0.2.5.tgz",
      "integrity": "sha1-Eux7Sp87TIlMMdjE7AFZJbpUfuw="
    },
    "node-uuid": {
      "version": "1.4.8",
      "resolved": "https://registry.npmjs.org/node-uuid/-/node-uuid-1.4.8.tgz",
      "integrity": "sha1-sEDrCSOWivq/jTL7HxfxFn/auQc="
    },
    "nopt": {
      "version": "2.0.0",
      "resolved": "https://registry.npmjs.org/nopt/-/nopt-2.0.0.tgz",
      "integrity": "sha1-ynQW8gpeP5w7hhgPlilfo9C1Lg0=",
      "requires": {
        "abbrev": "1.1.1"
      }
    },
    "nssocket": {
      "version": "0.5.3",
      "resolved": "https://registry.npmjs.org/nssocket/-/nssocket-0.5.3.tgz",
      "integrity": "sha1-iDyi7GBfXtZKTVGQsmJUAZKPj40=",
      "requires": {
        "eventemitter2": "0.4.14",
        "lazy": "1.0.11"
      },
      "dependencies": {
        "eventemitter2": {
          "version": "0.4.14",
          "resolved": "https://registry.npmjs.org/eventemitter2/-/eventemitter2-0.4.14.tgz",
          "integrity": "sha1-j2G3XN4BKy6esoTUVFWDtWQ7Yas="
        }
      }
    },
    "oauth-sign": {
      "version": "0.2.0",
      "resolved": "https://registry.npmjs.org/oauth-sign/-/oauth-sign-0.2.0.tgz",
      "integrity": "sha1-oOahcV2u0GLzIrYit/5a/RA1tuI="
    },
    "once": {
      "version": "1.4.0",
      "resolved": "https://registry.npmjs.org/once/-/once-1.4.0.tgz",
      "integrity": "sha1-WDsap3WWHUsROsF9nFC6753Xa9E=",
      "requires": {
        "wrappy": "1.0.2"
      }
    },
    "optimist": {
      "version": "0.6.1",
      "resolved": "https://registry.npmjs.org/optimist/-/optimist-0.6.1.tgz",
      "integrity": "sha1-2j6nRob6IaGaERwybpDrFaAZZoY=",
      "requires": {
        "minimist": "0.0.8",
        "wordwrap": "0.0.3"
      }
    },
    "options": {
      "version": "0.0.6",
      "resolved": "https://registry.npmjs.org/options/-/options-0.0.6.tgz",
      "integrity": "sha1-7CLTEoBrtT5zF3Pnza788cZDEo8="
    },
    "package": {
      "version": "1.0.1",
      "resolved": "https://registry.npmjs.org/package/-/package-1.0.1.tgz",
      "integrity": "sha1-0lofmeJQbcsn1nBLg9yooxLk7cw="
    },
    "path-is-absolute": {
      "version": "1.0.1",
      "resolved": "https://registry.npmjs.org/path-is-absolute/-/path-is-absolute-1.0.1.tgz",
      "integrity": "sha1-F0uSaHNVNP+8es5r9TpanhtcX18="
    },
    "pkginfo": {
      "version": "0.3.0",
      "resolved": "https://registry.npmjs.org/pkginfo/-/pkginfo-0.3.0.tgz",
      "integrity": "sha1-cmQRQBA5/psAnuqGYUKV1fOlQnY="
    },
    "posix-getopt": {
      "version": "1.0.0",
      "resolved": "https://registry.npmjs.org/posix-getopt/-/posix-getopt-1.0.0.tgz",
      "integrity": "sha1-QqkOymEZAUx4vEubcEY9KU2xqoc="
    },
    "preset": {
      "version": "1.0.0",
      "resolved": "https://registry.npmjs.org/preset/-/preset-1.0.0.tgz",
      "integrity": "sha1-zoQPiTM/0yMhDuDe3EzttRMI1ls="
    },
    "prompt": {
      "version": "0.2.11",
      "resolved": "https://registry.npmjs.org/prompt/-/prompt-0.2.11.tgz",
      "integrity": "sha1-JtRVr0t/rBUpHfzd3yQAMowfpEY=",
      "requires": {
        "pkginfo": "0.3.0",
        "read": "1.0.7",
        "revalidator": "0.1.8",
        "utile": "0.2.1",
        "winston": "0.6.2"
      },
      "dependencies": {
        "winston": {
          "version": "0.6.2",
          "resolved": "https://registry.npmjs.org/winston/-/winston-0.6.2.tgz",
          "integrity": "sha1-QUT+JYbNwZphK/jANVkBMskGS9I=",
          "requires": {
            "async": "0.1.22",
            "colors": "0.6.2",
            "cycle": "1.0.3",
            "eyes": "0.1.8",
            "pkginfo": "0.2.3",
            "request": "2.9.203",
            "stack-trace": "0.0.10"
          },
          "dependencies": {
            "pkginfo": {
              "version": "0.2.3",
              "resolved": "https://registry.npmjs.org/pkginfo/-/pkginfo-0.2.3.tgz",
              "integrity": "sha1-cjnEKl72wwuPMoQ52bn/cQQkkPg="
            }
          }
        }
      }
    },
    "ps-tree": {
      "version": "0.0.3",
      "resolved": "https://registry.npmjs.org/ps-tree/-/ps-tree-0.0.3.tgz",
      "integrity": "sha1-2/jXUqf+Ivp9WGNWiUmWEOknbdw=",
      "requires": {
        "event-stream": "0.5.3"
      }
    },
    "qs": {
      "version": "0.5.6",
      "resolved": "https://registry.npmjs.org/qs/-/qs-0.5.6.tgz",
      "integrity": "sha1-MbGtBYVnZRxSaSFQa5qHk5EaA4Q="
    },
    "read": {
      "version": "1.0.7",
      "resolved": "https://registry.npmjs.org/read/-/read-1.0.7.tgz",
      "integrity": "sha1-s9oZvQUkMal2cdRKQmNK33ELQMQ=",
      "requires": {
        "mute-stream": "0.0.7"
      }
    },
    "register": {
      "version": "0.0.0",
      "resolved": "https://registry.npmjs.org/register/-/register-0.0.0.tgz",
      "integrity": "sha1-u7Sfg76I8R6Q072JOCcfb/Ylwqg=",
      "requires": {
        "cadence": "0.0.12"
      }
    },
    "request": {
      "version": "2.9.203",
      "resolved": "https://registry.npmjs.org/request/-/request-2.9.203.tgz",
      "integrity": "sha1-bBcRpUB/uUoRQhlWPkQUW8v0cjo="
    },
    "restify": {
      "version": "2.4.1",
      "resolved": "https://registry.npmjs.org/restify/-/restify-2.4.1.tgz",
      "integrity": "sha1-NXkKBSvQkn5/agbMPQeeVvq8k3E=",
      "requires": {
        "assert-plus": "0.1.2",
        "backoff": "2.1.0",
        "bunyan": "0.21.1",
        "deep-equal": "0.0.0",
        "formidable": "1.0.13",
        "http-signature": "0.9.11",
        "keep-alive-agent": "0.0.1",
        "lru-cache": "2.3.0",
        "mime": "1.2.9",
        "negotiator": "0.2.5",
        "node-uuid": "1.4.0",
        "once": "1.1.1",
        "qs": "0.5.5",
        "semver": "1.1.4",
        "spdy": "1.7.1",
        "verror": "1.3.6"
      },
      "dependencies": {
        "deep-equal": {
          "version": "0.0.0",
          "resolved": "https://registry.npmjs.org/deep-equal/-/deep-equal-0.0.0.tgz",
          "integrity": "sha1-mWedO70EcVb81FDT0B7rkGhpHoM="
        },
        "lru-cache": {
          "version": "2.3.0",
          "resolved": "https://registry.npmjs.org/lru-cache/-/lru-cache-2.3.0.tgz",
          "integrity": "sha1-HO4S1anyjtHuN+nDMriIjmuFQSo="
        },
        "mime": {
          "version": "1.2.9",
          "resolved": "https://registry.npmjs.org/mime/-/mime-1.2.9.tgz",
          "integrity": "sha1-AJzUCGe9Nd5SGzuWbwTi+NTRPQk="
        },
        "node-uuid": {
          "version": "1.4.0",
          "resolved": "https://registry.npmjs.org/node-uuid/-/node-uuid-1.4.0.tgz",
          "integrity": "sha1-B/myM3Vy/2J1x3Xh1IUT86RdemU="
        },
        "once": {
          "version": "1.1.1",
          "resolved": "https://registry.npmjs.org/once/-/once-1.1.1.tgz",
          "integrity": "sha1-nbV0kzzLCMOnYU0VQDLAnqbzOec="
        },
        "qs": {
          "version": "0.5.5",
          "resolved": "https://registry.npmjs.org/qs/-/qs-0.5.5.tgz",
          "integrity": "sha1-sH8Nf/4+/G/C/N5sZqIHdWQUI/M="
        }
      }
    },
    "revalidator": {
      "version": "0.1.8",
      "resolved": "https://registry.npmjs.org/revalidator/-/revalidator-0.1.8.tgz",
      "integrity": "sha1-/s5hv6DBtSoga9axgZgYS91SOjs="
    },
    "rimraf": {
      "version": "2.6.2",
      "resolved": "https://registry.npmjs.org/rimraf/-/rimraf-2.6.2.tgz",
      "integrity": "sha512-lreewLK/BlghmxtfH36YYVg1i8IAce4TI7oao75I1g245+6BctqTVQiBP3YUJ9C6DQOXJmkYR9X9fCLtCOJc5w==",
      "requires": {
        "glob": "7.1.2"
      }
    },
    "semver": {
      "version": "1.1.4",
      "resolved": "https://registry.npmjs.org/semver/-/semver-1.1.4.tgz",
      "integrity": "sha1-LlpOcrqwNHLMl/cnU7RQiRLvVUA="
    },
    "sigmund": {
      "version": "1.0.1",
      "resolved": "https://registry.npmjs.org/sigmund/-/sigmund-1.0.1.tgz",
      "integrity": "sha1-P/IfGYytIXX587eBhT/ZTQ0ZtZA="
    },
    "smartdc": {
      "version": "7.1.1",
      "resolved": "https://registry.npmjs.org/smartdc/-/smartdc-7.1.1.tgz",
      "integrity": "sha1-rMQ3jglntD3Y3tjGf5nmUIJ3v7k=",
      "requires": {
        "assert-plus": "0.1.2",
        "bunyan": "0.21.1",
        "clone": "0.1.6",
        "lru-cache": "2.2.0",
        "nopt": "2.0.0",
        "restify": "2.4.1",
        "smartdc-auth": "1.0.1"
      },
      "dependencies": {
        "lru-cache": {
          "version": "2.2.0",
          "resolved": "https://registry.npmjs.org/lru-cache/-/lru-cache-2.2.0.tgz",
          "integrity": "sha1-7Cu6YD9MW7Pnob9izhwdvB1HTgg="
        }
      }
    },
    "smartdc-auth": {
      "version": "1.0.1",
      "resolved": "https://registry.npmjs.org/smartdc-auth/-/smartdc-auth-1.0.1.tgz",
      "integrity": "sha1-Ugu/kYMTvfLaNykn0zdW1GNWuHs=",
      "requires": {
        "assert-plus": "0.1.2",
        "clone": "0.1.5",
        "once": "1.1.1",
        "ssh-agent": "0.2.1",
        "vasync": "1.3.3"
      },
      "dependencies": {
        "clone": {
          "version": "0.1.5",
          "resolved": "https://registry.npmjs.org/clone/-/clone-0.1.5.tgz",
          "integrity": "sha1-RvKRQ9B2bWY9vX+At1IKFXg9IEI="
        },
        "once": {
          "version": "1.1.1",
          "resolved": "https://registry.npmjs.org/once/-/once-1.1.1.tgz",
          "integrity": "sha1-nbV0kzzLCMOnYU0VQDLAnqbzOec="
        }
      }
    },
    "sntp": {
      "version": "0.1.4",
      "resolved": "https://registry.npmjs.org/sntp/-/sntp-0.1.4.tgz",
      "integrity": "sha1-XvSBuVGnspr/30r9fyaDj8ESD4Q=",
      "requires": {
        "hoek": "0.7.6"
      }
    },
    "spdy": {
      "version": "1.7.1",
      "resolved": "https://registry.npmjs.org/spdy/-/spdy-1.7.1.tgz",
      "integrity": "sha1-T9535gKyDE7MOe6GGTc92b9mkVI="
    },
    "ssh-agent": {
      "version": "0.2.1",
      "resolved": "https://registry.npmjs.org/ssh-agent/-/ssh-agent-0.2.1.tgz",
      "integrity": "sha1-METp6uyoip5pcd196xm9zCABKSk=",
      "requires": {
        "ctype": "0.5.0",
        "posix-getopt": "1.0.0"
      },
      "dependencies": {
        "ctype": {
          "version": "0.5.0",
          "resolved": "https://registry.npmjs.org/ctype/-/ctype-0.5.0.tgz",
          "integrity": "sha1-ZyZz7GdYfrSVwe1pTaGruWT/ZeM="
        }
      }
    },
    "ssh2": {
      "version": "0.2.14",
      "resolved": "https://registry.npmjs.org/ssh2/-/ssh2-0.2.14.tgz",
      "integrity": "sha1-b5PfYvFHXL5bRZJNpWhkO5rHOIo=",
      "requires": {
        "asn1": "0.1.11",
        "streamsearch": "0.1.2"
      }
    },
    "stack-trace": {
      "version": "0.0.10",
      "resolved": "https://registry.npmjs.org/stack-trace/-/stack-trace-0.0.10.tgz",
      "integrity": "sha1-VHxws0fo0ytOEI6hoqFZ5f3eGcA="
    },
    "stage": {
      "version": "0.9.0",
      "resolved": "https://registry.npmjs.org/stage/-/stage-0.9.0.tgz",
      "integrity": "sha1-0ekxWPyMGtXPw/3jy6qQyXdj6s4=",
      "requires": {
        "forever": "0.10.11",
        "smartdc": "7.1.1",
        "ssh2": "0.2.14",
        "temporary": "0.0.8",
        "ws": "0.4.32"
      }
    },
    "step": {
      "version": "0.0.6",
      "resolved": "https://registry.npmjs.org/step/-/step-0.0.6.tgz",
      "integrity": "sha1-FD54SaXX0/SgiP4pr5SRUhbu7eI="
    },
    "streamsearch": {
      "version": "0.1.2",
      "resolved": "https://registry.npmjs.org/streamsearch/-/streamsearch-0.1.2.tgz",
      "integrity": "sha1-gIudDlb8Jz2Am6VzOOkpkZoanxo="
    },
    "supports-color": {
      "version": "4.4.0",
      "resolved": "https://registry.npmjs.org/supports-color/-/supports-color-4.4.0.tgz",
      "integrity": "sha512-rKC3+DyXWgK0ZLKwmRsrkyHVZAjNkfzeehuFWdGGcqGDTZFH73+RH6S/RDAAxl9GusSjZSUWYLmT9N5pzXFOXQ==",
      "dev": true,
      "requires": {
        "has-flag": "2.0.0"
      }
    },
    "temporary": {
      "version": "0.0.8",
      "resolved": "https://registry.npmjs.org/temporary/-/temporary-0.0.8.tgz",
      "integrity": "sha1-oYqYHSi6jKNgJ/s8MFOMPst0CsA=",
      "requires": {
        "package": "1.0.1"
      }
    },
    "timespan": {
      "version": "2.3.0",
      "resolved": "https://registry.npmjs.org/timespan/-/timespan-2.3.0.tgz",
      "integrity": "sha1-SQLOBAvRPYRcj1myfp1ZutbzmSk="
    },
    "tinycolor": {
      "version": "0.0.1",
      "resolved": "https://registry.npmjs.org/tinycolor/-/tinycolor-0.0.1.tgz",
      "integrity": "sha1-MgtaUtg6u1l42Bo+iH1K77FaYWQ="
    },
    "tunnel-agent": {
      "version": "0.2.0",
      "resolved": "https://registry.npmjs.org/tunnel-agent/-/tunnel-agent-0.2.0.tgz",
      "integrity": "sha1-aFPCr7GyEJ5FYp5JK9419Fnqaeg="
    },
    "underscore": {
      "version": "1.8.3",
      "resolved": "https://registry.npmjs.org/underscore/-/underscore-1.8.3.tgz",
      "integrity": "sha1-Tz+1OxBuYJf8+ctBCfKl6b36UCI="
    },
    "utile": {
      "version": "0.2.1",
      "resolved": "https://registry.npmjs.org/utile/-/utile-0.2.1.tgz",
      "integrity": "sha1-kwyI6ZCY1iIINMNWy9mncFItkNc=",
      "requires": {
        "async": "0.2.10",
        "deep-equal": "1.0.1",
        "i": "0.3.6",
        "mkdirp": "0.5.1",
        "ncp": "0.4.2",
        "rimraf": "2.6.2"
      },
      "dependencies": {
        "async": {
          "version": "0.2.10",
          "resolved": "https://registry.npmjs.org/async/-/async-0.2.10.tgz",
          "integrity": "sha1-trvgsGdLnXGXCMo43owjfLUmw9E="
        }
      }
    },
    "vasync": {
      "version": "1.3.3",
      "resolved": "https://registry.npmjs.org/vasync/-/vasync-1.3.3.tgz",
      "integrity": "sha1-hJF2gHFwILZ+BDkC5jvBQxdMhyg=",
      "requires": {
        "jsprim": "0.3.0",
        "verror": "1.1.0"
      },
      "dependencies": {
        "extsprintf": {
          "version": "1.0.0",
          "resolved": "https://registry.npmjs.org/extsprintf/-/extsprintf-1.0.0.tgz",
          "integrity": "sha1-TVi4Fazlvr/E6/A8+YsKdgSpm4Y="
        },
        "verror": {
          "version": "1.1.0",
          "resolved": "https://registry.npmjs.org/verror/-/verror-1.1.0.tgz",
          "integrity": "sha1-KktOsUogcFHnWm+U7lExW/FzobA=",
          "requires": {
            "extsprintf": "1.0.0"
          }
        }
      }
    },
    "verror": {
      "version": "1.3.6",
      "resolved": "https://registry.npmjs.org/verror/-/verror-1.3.6.tgz",
      "integrity": "sha1-z/XfEpRtKX0rqu+qJoniW+AcAFw=",
      "requires": {
        "extsprintf": "1.0.2"
      }
    },
    "watch": {
      "version": "0.8.0",
      "resolved": "https://registry.npmjs.org/watch/-/watch-0.8.0.tgz",
      "integrity": "sha1-G7DupT3v5uYh6cjGPANYAH7L28w="
    },
    "winston": {
      "version": "0.7.3",
      "resolved": "https://registry.npmjs.org/winston/-/winston-0.7.3.tgz",
      "integrity": "sha1-euMTunP83C7LSqL5zURugphncmY=",
      "requires": {
        "async": "0.2.10",
        "colors": "0.6.2",
        "cycle": "1.0.3",
        "eyes": "0.1.8",
        "pkginfo": "0.3.0",
        "request": "2.16.6",
        "stack-trace": "0.0.10"
      },
      "dependencies": {
        "async": {
          "version": "0.2.10",
          "resolved": "https://registry.npmjs.org/async/-/async-0.2.10.tgz",
          "integrity": "sha1-trvgsGdLnXGXCMo43owjfLUmw9E="
        },
        "request": {
          "version": "2.16.6",
          "resolved": "https://registry.npmjs.org/request/-/request-2.16.6.tgz",
          "integrity": "sha1-hy/kRa5y3iZrN4edatfclI+gHK0=",
          "requires": {
            "aws-sign": "0.2.0",
            "cookie-jar": "0.2.0",
            "forever-agent": "0.2.0",
            "form-data": "0.0.10",
            "hawk": "0.10.2",
            "json-stringify-safe": "3.0.0",
            "mime": "1.2.11",
            "node-uuid": "1.4.8",
            "oauth-sign": "0.2.0",
            "qs": "0.5.6",
            "tunnel-agent": "0.2.0"
          }
        }
      }
    },
    "wordwrap": {
      "version": "0.0.3",
      "resolved": "https://registry.npmjs.org/wordwrap/-/wordwrap-0.0.3.tgz",
      "integrity": "sha1-o9XabNXAvAAI03I0u68b7WMFkQc="
    },
    "wrappy": {
      "version": "1.0.2",
      "resolved": "https://registry.npmjs.org/wrappy/-/wrappy-1.0.2.tgz",
      "integrity": "sha1-tSQ9jz7BqjXxNkYFvA0QNuMKtp8="
    },
    "ws": {
      "version": "0.4.32",
      "resolved": "https://registry.npmjs.org/ws/-/ws-0.4.32.tgz",
      "integrity": "sha1-eHphVEFPPJntg8V3IVOyD+sM7DI=",
      "requires": {
        "commander": "2.1.0",
        "nan": "1.0.0",
        "options": "0.0.6",
        "tinycolor": "0.0.1"
      },
      "dependencies": {
        "commander": {
          "version": "2.1.0",
          "resolved": "https://registry.npmjs.org/commander/-/commander-2.1.0.tgz",
          "integrity": "sha1-0SG7roYNmZKj1Re6lvVliOR8Z4E="
        }
      }
    }
  }
}
